
Microsoft Visual Studio Solution File, Format Version 12.00
# Visual Studio Version 16
VisualStudioVersion = 16.0.29911.84
MinimumVisualStudioVersion = 10.0.40219.1
Project("{FAE04EC0-301F-11D3-BF4B-00C04F79EFBC}") = "LetterGenerator.Service", "LetterGenerator.Service\LetterGenerator.Service.csproj", "{EBAEF69E-D451-4A56-B8BC-68122D4195CE}"
EndProject
Global
	GlobalSection(SolutionConfigurationPlatforms) = preSolution
		Debug|Any CPU = Debug|Any CPU
		Release|Any CPU = Release|Any CPU
	EndGlobalSection
	GlobalSection(ProjectConfigurationPlatforms) = postSolution
		{EBAEF69E-D451-4A56-B8BC-68122D4195CE}.Debug|Any CPU.ActiveCfg = Debug|Any CPU
		{EBAEF69E-D451-4A56-B8BC-68122D4195CE}.Debug|Any CPU.Build.0 = Debug|Any CPU
		{EBAEF69E-D451-4A56-B8BC-68122D4195CE}.Release|Any CPU.ActiveCfg = Release|Any CPU
		{EBAEF69E-D451-4A56-B8BC-68122D4195CE}.Release|Any CPU.Build.0 = Release|Any CPU
	EndGlobalSection
	GlobalSection(SolutionProperties) = preSolution
		HideSolutionNode = FALSE
	EndGlobalSection
	GlobalSection(ExtensibilityGlobals) = postSolution
		SolutionGuid = {389B5F02-5373-4B34-BA3D-515DF045202C}
	EndGlobalSection
EndGlobal
